
Microsoft Visual Studio Solution File, Format Version 12.00
# Visual Studio Version 17
VisualStudioVersion = 17.5.33103.201
MinimumVisualStudioVersion = 10.0.40219.1
Project("{9A19103F-16F7-4668-BE54-9A1E7A4F7556}") = "hubsRecursiveExtraction", "hubsRecursiveExtraction.csproj", "{7219FF49-C2FA-4471-9C69-6907E9060B8A}"
EndProject
Global
	GlobalSection(SolutionConfigurationPlatforms) = preSolution
		Debug|Any CPU = Debug|Any CPU
		Release|Any CPU = Release|Any CPU
	EndGlobalSection
	GlobalSection(ProjectConfigurationPlatforms) = postSolution
		{7219FF49-C2FA-4471-9C69-6907E9060B8A}.Debug|Any CPU.ActiveCfg = Debug|Any CPU
		{7219FF49-C2FA-4471-9C69-6907E9060B8A}.Debug|Any CPU.Build.0 = Debug|Any CPU
		{7219FF49-C2FA-4471-9C69-6907E9060B8A}.Release|Any CPU.ActiveCfg = Release|Any CPU
		{7219FF49-C2FA-4471-9C69-6907E9060B8A}.Release|Any CPU.Build.0 = Release|Any CPU
	EndGlobalSection
	GlobalSection(SolutionProperties) = preSolution
		HideSolutionNode = FALSE
	EndGlobalSection
	GlobalSection(ExtensibilityGlobals) = postSolution
		SolutionGuid = {56AFBCA0-CF3E-4CA4-B63E-27E7F7BF4D84}
	EndGlobalSection
EndGlobal
